// !$*UTF8*$!
{
	archiveVersion = 1;
	classes = {
	};
	objectVersion = 50;
	objects = {

/* Begin PBXBuildFile section */
		04DCB340CE227E2D56271B56 /* Pods_PodCastUITests.framework in Frameworks */ = {isa = PBXBuildFile; fileRef = F2ED2536C73296DA16A29FFC /* Pods_PodCastUITests.framework */; };
		C4B81E373BA01275EE4BE422 /* Pods_PodCastTests.framework in Frameworks */ = {isa = PBXBuildFile; fileRef = 6FD02A6212383B4260CA6047 /* Pods_PodCastTests.framework */; };
		F42561AD21D3C31400AA22A1 /* AppDelegate.swift in Sources */ = {isa = PBXBuildFile; fileRef = F42561AC21D3C31400AA22A1 /* AppDelegate.swift */; };
		F42561AF21D3C31400AA22A1 /* PlayerViewController.swift in Sources */ = {isa = PBXBuildFile; fileRef = F42561AE21D3C31400AA22A1 /* PlayerViewController.swift */; };
		F42561B521D3C31400AA22A1 /* PodCast.xcdatamodeld in Sources */ = {isa = PBXBuildFile; fileRef = F42561B321D3C31400AA22A1 /* PodCast.xcdatamodeld */; };
		F42561B721D3C31500AA22A1 /* Assets.xcassets in Resources */ = {isa = PBXBuildFile; fileRef = F42561B621D3C31500AA22A1 /* Assets.xcassets */; };
		F42561BA21D3C31500AA22A1 /* LaunchScreen.storyboard in Resources */ = {isa = PBXBuildFile; fileRef = F42561B821D3C31500AA22A1 /* LaunchScreen.storyboard */; };
		F42561C521D3C31500AA22A1 /* PodCastTests.swift in Sources */ = {isa = PBXBuildFile; fileRef = F42561C421D3C31500AA22A1 /* PodCastTests.swift */; };
		F42561D021D3C31500AA22A1 /* PodCastUITests.swift in Sources */ = {isa = PBXBuildFile; fileRef = F42561CF21D3C31500AA22A1 /* PodCastUITests.swift */; };
		F42BA6A421F601C40075E4B3 /* CustomTabBarController.swift in Sources */ = {isa = PBXBuildFile; fileRef = F42BA6A321F601C40075E4B3 /* CustomTabBarController.swift */; };
		F42BA6A821F602220075E4B3 /* MyPodCasts.swift in Sources */ = {isa = PBXBuildFile; fileRef = F42BA6A721F602220075E4B3 /* MyPodCasts.swift */; };
		F42BA6AA21F602330075E4B3 /* Config.swift in Sources */ = {isa = PBXBuildFile; fileRef = F42BA6A921F602330075E4B3 /* Config.swift */; };
		F43779E921F611DF007DC73C /* Colors.swift in Sources */ = {isa = PBXBuildFile; fileRef = F43779E821F611DF007DC73C /* Colors.swift */; };
		F43779F721F62CF6007DC73C /* Home.swift in Sources */ = {isa = PBXBuildFile; fileRef = F43779F621F62CF6007DC73C /* Home.swift */; };
		F47AAEA721F9F9880068FAD2 /* Preferences.swift in Sources */ = {isa = PBXBuildFile; fileRef = F47AAEA621F9F9880068FAD2 /* Preferences.swift */; };
		F47AAEA921FA21040068FAD2 /* PreferencesDataController.swift in Sources */ = {isa = PBXBuildFile; fileRef = F47AAEA821FA21040068FAD2 /* PreferencesDataController.swift */; };
		F47AAEAB21FA260D0068FAD2 /* loadAnimation.json in Resources */ = {isa = PBXBuildFile; fileRef = F47AAEAA21FA260D0068FAD2 /* loadAnimation.json */; };
		F47AAEAD21FA356F0068FAD2 /* HeaderView.swift in Sources */ = {isa = PBXBuildFile; fileRef = F47AAEAC21FA356F0068FAD2 /* HeaderView.swift */; };
		F47AAEAF21FA3DB60068FAD2 /* CollectionCell.swift in Sources */ = {isa = PBXBuildFile; fileRef = F47AAEAE21FA3DB60068FAD2 /* CollectionCell.swift */; };
		F47AAEB121FA3E700068FAD2 /* ContentCollectionViewCell.swift in Sources */ = {isa = PBXBuildFile; fileRef = F47AAEB021FA3E700068FAD2 /* ContentCollectionViewCell.swift */; };
		F4C2C9EB21FB7BD400467A06 /* PodCast.swift in Sources */ = {isa = PBXBuildFile; fileRef = F4C2C9EA21FB7BD400467A06 /* PodCast.swift */; };
		F4C2C9ED21FB7DF200467A06 /* PodCastComponent.swift in Sources */ = {isa = PBXBuildFile; fileRef = F4C2C9EC21FB7DF200467A06 /* PodCastComponent.swift */; };
		F4C2C9EF21FB86A200467A06 /* CustomViewController.swift in Sources */ = {isa = PBXBuildFile; fileRef = F4C2C9EE21FB86A200467A06 /* CustomViewController.swift */; };
		F4C2C9F221FB8C6100467A06 /* CustomTableViewController.swift in Sources */ = {isa = PBXBuildFile; fileRef = F4C2C9F121FB8C6100467A06 /* CustomTableViewController.swift */; };
		F4EE9CC121F60D180093162C /* Localizable.strings in Resources */ = {isa = PBXBuildFile; fileRef = F4EE9CC021F60D180093162C /* Localizable.strings */; };
		F4F6DA9221D6E80200A2CCA2 /* AudioPlayerView.swift in Sources */ = {isa = PBXBuildFile; fileRef = F4F6DA9121D6E80200A2CCA2 /* AudioPlayerView.swift */; };
		F4F6DA9621D6FF6900A2CCA2 /* UIImageExtension.swift in Sources */ = {isa = PBXBuildFile; fileRef = F4F6DA9521D6FF6900A2CCA2 /* UIImageExtension.swift */; };
		F4FA04DC21F78A1100896B5C /* PodCastListService.swift in Sources */ = {isa = PBXBuildFile; fileRef = F4FA04DB21F78A1100896B5C /* PodCastListService.swift */; };
		F4FA04DE21F78C7900896B5C /* Genre.swift in Sources */ = {isa = PBXBuildFile; fileRef = F4FA04DD21F78C7900896B5C /* Genre.swift */; };
		F4FA04E021F79E2700896B5C /* GenreElement.swift in Sources */ = {isa = PBXBuildFile; fileRef = F4FA04DF21F79E2700896B5C /* GenreElement.swift */; };
		F4FA04E221F79E3F00896B5C /* BestPodElement.swift in Sources */ = {isa = PBXBuildFile; fileRef = F4FA04E121F79E3F00896B5C /* BestPodElement.swift */; };
		F4FA04E421F79E5A00896B5C /* BestPod.swift in Sources */ = {isa = PBXBuildFile; fileRef = F4FA04E321F79E5A00896B5C /* BestPod.swift */; };
		F4FA04E621F7A06200896B5C /* Extra.swift in Sources */ = {isa = PBXBuildFile; fileRef = F4FA04E521F7A06200896B5C /* Extra.swift */; };
		F4FA04E821F7A06C00896B5C /* LookingFor.swift in Sources */ = {isa = PBXBuildFile; fileRef = F4FA04E721F7A06C00896B5C /* LookingFor.swift */; };
		F4FA04EA21F7A48B00896B5C /* StatusBarExtension.swift in Sources */ = {isa = PBXBuildFile; fileRef = F4FA04E921F7A48B00896B5C /* StatusBarExtension.swift */; };
		F4FA04EC21F7A6C900896B5C /* PreferencesSelectController.swift in Sources */ = {isa = PBXBuildFile; fileRef = F4FA04EB21F7A6C900896B5C /* PreferencesSelectController.swift */; };
		F4FA04EF21F7A7B500896B5C /* PreferenceCardGenre.swift in Sources */ = {isa = PBXBuildFile; fileRef = F4FA04EE21F7A7B500896B5C /* PreferenceCardGenre.swift */; };
		F4FA04F121F7AD6000896B5C /* CGFloat.swift in Sources */ = {isa = PBXBuildFile; fileRef = F4FA04F021F7AD6000896B5C /* CGFloat.swift */; };
		F5AFDB762332693308E7D5B9 /* Pods_PodCast.framework in Frameworks */ = {isa = PBXBuildFile; fileRef = DB9EFA0888AC86F36A02E245 /* Pods_PodCast.framework */; };
/* End PBXBuildFile section */

/* Begin PBXContainerItemProxy section */
		F42561C121D3C31500AA22A1 /* PBXContainerItemProxy */ = {
			isa = PBXContainerItemProxy;
			containerPortal = F42561A121D3C31400AA22A1 /* Project object */;
			proxyType = 1;
			remoteGlobalIDString = F42561A821D3C31400AA22A1;
			remoteInfo = PodCast;
		};
		F42561CC21D3C31500AA22A1 /* PBXContainerItemProxy */ = {
			isa = PBXContainerItemProxy;
			containerPortal = F42561A121D3C31400AA22A1 /* Project object */;
			proxyType = 1;
			remoteGlobalIDString = F42561A821D3C31400AA22A1;
			remoteInfo = PodCast;
		};
/* End PBXContainerItemProxy section */

/* Begin PBXFileReference section */
		214AF971DF7ACE56DB753502 /* Pods-PodCast.release.xcconfig */ = {isa = PBXFileReference; includeInIndex = 1; lastKnownFileType = text.xcconfig; name = "Pods-PodCast.release.xcconfig"; path = "Pods/Target Support Files/Pods-PodCast/Pods-PodCast.release.xcconfig"; sourceTree = "<group>"; };
		2250BCFDAEBDBF5CCA6EEF19 /* Pods-PodCastUITests.debug.xcconfig */ = {isa = PBXFileReference; includeInIndex = 1; lastKnownFileType = text.xcconfig; name = "Pods-PodCastUITests.debug.xcconfig"; path = "Pods/Target Support Files/Pods-PodCastUITests/Pods-PodCastUITests.debug.xcconfig"; sourceTree = "<group>"; };
		2B8E96A7D40A077B2C2FC276 /* Pods-PodCastUITests.release.xcconfig */ = {isa = PBXFileReference; includeInIndex = 1; lastKnownFileType = text.xcconfig; name = "Pods-PodCastUITests.release.xcconfig"; path = "Pods/Target Support Files/Pods-PodCastUITests/Pods-PodCastUITests.release.xcconfig"; sourceTree = "<group>"; };
		6FD02A6212383B4260CA6047 /* Pods_PodCastTests.framework */ = {isa = PBXFileReference; explicitFileType = wrapper.framework; includeInIndex = 0; path = Pods_PodCastTests.framework; sourceTree = BUILT_PRODUCTS_DIR; };
		87F6A9953D6D965EEA181D32 /* Pods-PodCastTests.release.xcconfig */ = {isa = PBXFileReference; includeInIndex = 1; lastKnownFileType = text.xcconfig; name = "Pods-PodCastTests.release.xcconfig"; path = "Pods/Target Support Files/Pods-PodCastTests/Pods-PodCastTests.release.xcconfig"; sourceTree = "<group>"; };
		D2DDFC0B6D1981D7C963BECC /* Pods-PodCast.debug.xcconfig */ = {isa = PBXFileReference; includeInIndex = 1; lastKnownFileType = text.xcconfig; name = "Pods-PodCast.debug.xcconfig"; path = "Pods/Target Support Files/Pods-PodCast/Pods-PodCast.debug.xcconfig"; sourceTree = "<group>"; };
		D35AFD14D6169B57208986D6 /* Pods-PodCastTests.debug.xcconfig */ = {isa = PBXFileReference; includeInIndex = 1; lastKnownFileType = text.xcconfig; name = "Pods-PodCastTests.debug.xcconfig"; path = "Pods/Target Support Files/Pods-PodCastTests/Pods-PodCastTests.debug.xcconfig"; sourceTree = "<group>"; };
		DB9EFA0888AC86F36A02E245 /* Pods_PodCast.framework */ = {isa = PBXFileReference; explicitFileType = wrapper.framework; includeInIndex = 0; path = Pods_PodCast.framework; sourceTree = BUILT_PRODUCTS_DIR; };
		F2ED2536C73296DA16A29FFC /* Pods_PodCastUITests.framework */ = {isa = PBXFileReference; explicitFileType = wrapper.framework; includeInIndex = 0; path = Pods_PodCastUITests.framework; sourceTree = BUILT_PRODUCTS_DIR; };
		F42561A921D3C31400AA22A1 /* PodCast.app */ = {isa = PBXFileReference; explicitFileType = wrapper.application; includeInIndex = 0; path = PodCast.app; sourceTree = BUILT_PRODUCTS_DIR; };
		F42561AC21D3C31400AA22A1 /* AppDelegate.swift */ = {isa = PBXFileReference; lastKnownFileType = sourcecode.swift; path = AppDelegate.swift; sourceTree = "<group>"; };
		F42561AE21D3C31400AA22A1 /* PlayerViewController.swift */ = {isa = PBXFileReference; lastKnownFileType = sourcecode.swift; path = PlayerViewController.swift; sourceTree = "<group>"; };
		F42561B421D3C31400AA22A1 /* PodCast.xcdatamodel */ = {isa = PBXFileReference; lastKnownFileType = wrapper.xcdatamodel; path = PodCast.xcdatamodel; sourceTree = "<group>"; };
		F42561B621D3C31500AA22A1 /* Assets.xcassets */ = {isa = PBXFileReference; lastKnownFileType = folder.assetcatalog; path = Assets.xcassets; sourceTree = "<group>"; };
		F42561B921D3C31500AA22A1 /* Base */ = {isa = PBXFileReference; lastKnownFileType = file.storyboard; name = Base; path = Base.lproj/LaunchScreen.storyboard; sourceTree = "<group>"; };
		F42561BB21D3C31500AA22A1 /* Info.plist */ = {isa = PBXFileReference; lastKnownFileType = text.plist.xml; path = Info.plist; sourceTree = "<group>"; };
		F42561C021D3C31500AA22A1 /* PodCastTests.xctest */ = {isa = PBXFileReference; explicitFileType = wrapper.cfbundle; includeInIndex = 0; path = PodCastTests.xctest; sourceTree = BUILT_PRODUCTS_DIR; };
		F42561C421D3C31500AA22A1 /* PodCastTests.swift */ = {isa = PBXFileReference; lastKnownFileType = sourcecode.swift; path = PodCastTests.swift; sourceTree = "<group>"; };
		F42561C621D3C31500AA22A1 /* Info.plist */ = {isa = PBXFileReference; lastKnownFileType = text.plist.xml; path = Info.plist; sourceTree = "<group>"; };
		F42561CB21D3C31500AA22A1 /* PodCastUITests.xctest */ = {isa = PBXFileReference; explicitFileType = wrapper.cfbundle; includeInIndex = 0; path = PodCastUITests.xctest; sourceTree = BUILT_PRODUCTS_DIR; };
		F42561CF21D3C31500AA22A1 /* PodCastUITests.swift */ = {isa = PBXFileReference; lastKnownFileType = sourcecode.swift; path = PodCastUITests.swift; sourceTree = "<group>"; };
		F42561D121D3C31500AA22A1 /* Info.plist */ = {isa = PBXFileReference; lastKnownFileType = text.plist.xml; path = Info.plist; sourceTree = "<group>"; };
		F42BA6A321F601C40075E4B3 /* CustomTabBarController.swift */ = {isa = PBXFileReference; lastKnownFileType = sourcecode.swift; path = CustomTabBarController.swift; sourceTree = "<group>"; };
		F42BA6A721F602220075E4B3 /* MyPodCasts.swift */ = {isa = PBXFileReference; lastKnownFileType = sourcecode.swift; path = MyPodCasts.swift; sourceTree = "<group>"; };
		F42BA6A921F602330075E4B3 /* Config.swift */ = {isa = PBXFileReference; lastKnownFileType = sourcecode.swift; path = Config.swift; sourceTree = "<group>"; };
		F43779E821F611DF007DC73C /* Colors.swift */ = {isa = PBXFileReference; lastKnownFileType = sourcecode.swift; path = Colors.swift; sourceTree = "<group>"; };
		F43779F621F62CF6007DC73C /* Home.swift */ = {isa = PBXFileReference; lastKnownFileType = sourcecode.swift; path = Home.swift; sourceTree = "<group>"; };
		F47AAEA621F9F9880068FAD2 /* Preferences.swift */ = {isa = PBXFileReference; lastKnownFileType = sourcecode.swift; path = Preferences.swift; sourceTree = "<group>"; };
		F47AAEA821FA21040068FAD2 /* PreferencesDataController.swift */ = {isa = PBXFileReference; lastKnownFileType = sourcecode.swift; path = PreferencesDataController.swift; sourceTree = "<group>"; };
		F47AAEAA21FA260D0068FAD2 /* loadAnimation.json */ = {isa = PBXFileReference; fileEncoding = 4; lastKnownFileType = text.json; name = loadAnimation.json; path = PodCast/Animations/loadAnimation.json; sourceTree = SOURCE_ROOT; };
		F47AAEAC21FA356F0068FAD2 /* HeaderView.swift */ = {isa = PBXFileReference; lastKnownFileType = sourcecode.swift; path = HeaderView.swift; sourceTree = "<group>"; };
		F47AAEAE21FA3DB60068FAD2 /* CollectionCell.swift */ = {isa = PBXFileReference; lastKnownFileType = sourcecode.swift; path = CollectionCell.swift; sourceTree = "<group>"; };
		F47AAEB021FA3E700068FAD2 /* ContentCollectionViewCell.swift */ = {isa = PBXFileReference; lastKnownFileType = sourcecode.swift; path = ContentCollectionViewCell.swift; sourceTree = "<group>"; };
		F4C2C9EA21FB7BD400467A06 /* PodCast.swift */ = {isa = PBXFileReference; lastKnownFileType = sourcecode.swift; path = PodCast.swift; sourceTree = "<group>"; };
		F4C2C9EC21FB7DF200467A06 /* PodCastComponent.swift */ = {isa = PBXFileReference; lastKnownFileType = sourcecode.swift; path = PodCastComponent.swift; sourceTree = "<group>"; };
		F4C2C9EE21FB86A200467A06 /* CustomViewController.swift */ = {isa = PBXFileReference; lastKnownFileType = sourcecode.swift; path = CustomViewController.swift; sourceTree = "<group>"; };
		F4C2C9F121FB8C6100467A06 /* CustomTableViewController.swift */ = {isa = PBXFileReference; lastKnownFileType = sourcecode.swift; path = CustomTableViewController.swift; sourceTree = "<group>"; };
		F4EE9CC021F60D180093162C /* Localizable.strings */ = {isa = PBXFileReference; lastKnownFileType = text.plist.strings; path = Localizable.strings; sourceTree = "<group>"; };
		F4F6DA9121D6E80200A2CCA2 /* AudioPlayerView.swift */ = {isa = PBXFileReference; lastKnownFileType = sourcecode.swift; path = AudioPlayerView.swift; sourceTree = "<group>"; };
		F4F6DA9521D6FF6900A2CCA2 /* UIImageExtension.swift */ = {isa = PBXFileReference; lastKnownFileType = sourcecode.swift; path = UIImageExtension.swift; sourceTree = "<group>"; };
		F4FA04DB21F78A1100896B5C /* PodCastListService.swift */ = {isa = PBXFileReference; lastKnownFileType = sourcecode.swift; path = PodCastListService.swift; sourceTree = "<group>"; };
		F4FA04DD21F78C7900896B5C /* Genre.swift */ = {isa = PBXFileReference; lastKnownFileType = sourcecode.swift; path = Genre.swift; sourceTree = "<group>"; };
		F4FA04DF21F79E2700896B5C /* GenreElement.swift */ = {isa = PBXFileReference; lastKnownFileType = sourcecode.swift; path = GenreElement.swift; sourceTree = "<group>"; };
		F4FA04E121F79E3F00896B5C /* BestPodElement.swift */ = {isa = PBXFileReference; lastKnownFileType = sourcecode.swift; path = BestPodElement.swift; sourceTree = "<group>"; };
		F4FA04E321F79E5A00896B5C /* BestPod.swift */ = {isa = PBXFileReference; lastKnownFileType = sourcecode.swift; path = BestPod.swift; sourceTree = "<group>"; };
		F4FA04E521F7A06200896B5C /* Extra.swift */ = {isa = PBXFileReference; lastKnownFileType = sourcecode.swift; path = Extra.swift; sourceTree = "<group>"; };
		F4FA04E721F7A06C00896B5C /* LookingFor.swift */ = {isa = PBXFileReference; lastKnownFileType = sourcecode.swift; path = LookingFor.swift; sourceTree = "<group>"; };
		F4FA04E921F7A48B00896B5C /* StatusBarExtension.swift */ = {isa = PBXFileReference; lastKnownFileType = sourcecode.swift; path = StatusBarExtension.swift; sourceTree = "<group>"; };
		F4FA04EB21F7A6C900896B5C /* PreferencesSelectController.swift */ = {isa = PBXFileReference; lastKnownFileType = sourcecode.swift; path = PreferencesSelectController.swift; sourceTree = "<group>"; };
		F4FA04EE21F7A7B500896B5C /* PreferenceCardGenre.swift */ = {isa = PBXFileReference; lastKnownFileType = sourcecode.swift; path = PreferenceCardGenre.swift; sourceTree = "<group>"; };
		F4FA04F021F7AD6000896B5C /* CGFloat.swift */ = {isa = PBXFileReference; lastKnownFileType = sourcecode.swift; path = CGFloat.swift; sourceTree = "<group>"; };
/* End PBXFileReference section */

/* Begin PBXFrameworksBuildPhase section */
		F42561A621D3C31400AA22A1 /* Frameworks */ = {
			isa = PBXFrameworksBuildPhase;
			buildActionMask = 2147483647;
			files = (
				F5AFDB762332693308E7D5B9 /* Pods_PodCast.framework in Frameworks */,
			);
			runOnlyForDeploymentPostprocessing = 0;
		};
		F42561BD21D3C31500AA22A1 /* Frameworks */ = {
			isa = PBXFrameworksBuildPhase;
			buildActionMask = 2147483647;
			files = (
				C4B81E373BA01275EE4BE422 /* Pods_PodCastTests.framework in Frameworks */,
			);
			runOnlyForDeploymentPostprocessing = 0;
		};
		F42561C821D3C31500AA22A1 /* Frameworks */ = {
			isa = PBXFrameworksBuildPhase;
			buildActionMask = 2147483647;
			files = (
				04DCB340CE227E2D56271B56 /* Pods_PodCastUITests.framework in Frameworks */,
			);
			runOnlyForDeploymentPostprocessing = 0;
		};
/* End PBXFrameworksBuildPhase section */

/* Begin PBXGroup section */
		B2ADB1D05A02E4B9C7AB6FAC /* Frameworks */ = {
			isa = PBXGroup;
			children = (
				DB9EFA0888AC86F36A02E245 /* Pods_PodCast.framework */,
				6FD02A6212383B4260CA6047 /* Pods_PodCastTests.framework */,
				F2ED2536C73296DA16A29FFC /* Pods_PodCastUITests.framework */,
			);
			name = Frameworks;
			sourceTree = "<group>";
		};
		B315151E1CEB3DDB2E737706 /* Pods */ = {
			isa = PBXGroup;
			children = (
				D2DDFC0B6D1981D7C963BECC /* Pods-PodCast.debug.xcconfig */,
				214AF971DF7ACE56DB753502 /* Pods-PodCast.release.xcconfig */,
				D35AFD14D6169B57208986D6 /* Pods-PodCastTests.debug.xcconfig */,
				87F6A9953D6D965EEA181D32 /* Pods-PodCastTests.release.xcconfig */,
				2250BCFDAEBDBF5CCA6EEF19 /* Pods-PodCastUITests.debug.xcconfig */,
				2B8E96A7D40A077B2C2FC276 /* Pods-PodCastUITests.release.xcconfig */,
			);
			name = Pods;
			sourceTree = "<group>";
		};
		F42561A021D3C31400AA22A1 = {
			isa = PBXGroup;
			children = (
				F42561AB21D3C31400AA22A1 /* PodCast */,
				F42561C321D3C31500AA22A1 /* PodCastTests */,
				F42561CE21D3C31500AA22A1 /* PodCastUITests */,
				F42561AA21D3C31400AA22A1 /* Products */,
				B315151E1CEB3DDB2E737706 /* Pods */,
				B2ADB1D05A02E4B9C7AB6FAC /* Frameworks */,
			);
			sourceTree = "<group>";
		};
		F42561AA21D3C31400AA22A1 /* Products */ = {
			isa = PBXGroup;
			children = (
				F42561A921D3C31400AA22A1 /* PodCast.app */,
				F42561C021D3C31500AA22A1 /* PodCastTests.xctest */,
				F42561CB21D3C31500AA22A1 /* PodCastUITests.xctest */,
			);
			name = Products;
			sourceTree = "<group>";
		};
		F42561AB21D3C31400AA22A1 /* PodCast */ = {
			isa = PBXGroup;
			children = (
				F4C2C9F021FB8C4500467A06 /* Components */,
				F47AAEBD21FA48EB0068FAD2 /* Animations */,
				F47AAEBC21FA48C70068FAD2 /* Aplication */,
				F4FA04DA21F789F800896B5C /* Service */,
				F43779EF21F61D8F007DC73C /* Model */,
				F43779E721F611D3007DC73C /* Extensions */,
				F4F6DA9421D6FF4300A2CCA2 /* Util */,
				F4F6DA9321D6E80700A2CCA2 /* View */,
				F4AB34F121D729C900DAD399 /* Controller */,
				F42561B621D3C31500AA22A1 /* Assets.xcassets */,
				F42561BB21D3C31500AA22A1 /* Info.plist */,
				F42561B821D3C31500AA22A1 /* LaunchScreen.storyboard */,
				F42561B321D3C31400AA22A1 /* PodCast.xcdatamodeld */,
			);
			path = PodCast;
			sourceTree = "<group>";
		};
		F42561C321D3C31500AA22A1 /* PodCastTests */ = {
			isa = PBXGroup;
			children = (
				F42561C421D3C31500AA22A1 /* PodCastTests.swift */,
				F42561C621D3C31500AA22A1 /* Info.plist */,
			);
			path = PodCastTests;
			sourceTree = "<group>";
		};
		F42561CE21D3C31500AA22A1 /* PodCastUITests */ = {
			isa = PBXGroup;
			children = (
				F42561CF21D3C31500AA22A1 /* PodCastUITests.swift */,
				F42561D121D3C31500AA22A1 /* Info.plist */,
			);
			path = PodCastUITests;
			sourceTree = "<group>";
		};
		F43779E721F611D3007DC73C /* Extensions */ = {
			isa = PBXGroup;
			children = (
				F43779E821F611DF007DC73C /* Colors.swift */,
				F4FA04F021F7AD6000896B5C /* CGFloat.swift */,
			);
			path = Extensions;
			sourceTree = "<group>";
		};
		F43779EE21F6199D007DC73C /* Player */ = {
			isa = PBXGroup;
			children = (
				F42561AE21D3C31400AA22A1 /* PlayerViewController.swift */,
			);
			path = Player;
			sourceTree = "<group>";
		};
		F43779EF21F61D8F007DC73C /* Model */ = {
			isa = PBXGroup;
			children = (
				F4C2C9E921FB7BC700467A06 /* PodCast */,
				F47AAEB521FA47980068FAD2 /* Genre */,
				F47AAEB421FA478C0068FAD2 /* Preferences */,
				F47AAEB621FA47C40068FAD2 /* BestPodCast */,
			);
			path = Model;
			sourceTree = "<group>";
		};
		F43779F221F62C63007DC73C /* TabBarController */ = {
			isa = PBXGroup;
			children = (
				F42BA6A321F601C40075E4B3 /* CustomTabBarController.swift */,
			);
			path = TabBarController;
			sourceTree = "<group>";
		};
		F43779F321F62C76007DC73C /* TabBars */ = {
			isa = PBXGroup;
			children = (
				F43779F621F62CF6007DC73C /* Home.swift */,
				F42BA6A721F602220075E4B3 /* MyPodCasts.swift */,
				F42BA6A921F602330075E4B3 /* Config.swift */,
			);
			path = TabBars;
			sourceTree = "<group>";
		};
		F47AAEB421FA478C0068FAD2 /* Preferences */ = {
			isa = PBXGroup;
			children = (
				F47AAEA621F9F9880068FAD2 /* Preferences.swift */,
			);
			path = Preferences;
			sourceTree = "<group>";
		};
		F47AAEB521FA47980068FAD2 /* Genre */ = {
			isa = PBXGroup;
			children = (
				F4FA04DD21F78C7900896B5C /* Genre.swift */,
				F4FA04DF21F79E2700896B5C /* GenreElement.swift */,
			);
			path = Genre;
			sourceTree = "<group>";
		};
		F47AAEB621FA47C40068FAD2 /* BestPodCast */ = {
			isa = PBXGroup;
			children = (
				F4FA04E321F79E5A00896B5C /* BestPod.swift */,
				F4FA04E521F7A06200896B5C /* Extra.swift */,
				F4FA04E121F79E3F00896B5C /* BestPodElement.swift */,
				F4FA04E721F7A06C00896B5C /* LookingFor.swift */,
			);
			path = BestPodCast;
			sourceTree = "<group>";
		};
		F47AAEB721FA485C0068FAD2 /* Player */ = {
			isa = PBXGroup;
			children = (
				F4F6DA9121D6E80200A2CCA2 /* AudioPlayerView.swift */,
			);
			path = Player;
			sourceTree = "<group>";
		};
		F47AAEBA21FA48980068FAD2 /* Preference */ = {
			isa = PBXGroup;
			children = (
				F4FA04EE21F7A7B500896B5C /* PreferenceCardGenre.swift */,
			);
			path = Preference;
			sourceTree = "<group>";
		};
		F47AAEBB21FA48A20068FAD2 /* Home */ = {
			isa = PBXGroup;
			children = (
				F47AAEB021FA3E700068FAD2 /* ContentCollectionViewCell.swift */,
				F47AAEAE21FA3DB60068FAD2 /* CollectionCell.swift */,
				F47AAEAC21FA356F0068FAD2 /* HeaderView.swift */,
			);
			path = Home;
			sourceTree = "<group>";
		};
		F47AAEBC21FA48C70068FAD2 /* Aplication */ = {
			isa = PBXGroup;
			children = (
				F42561AC21D3C31400AA22A1 /* AppDelegate.swift */,
				F4EE9CC021F60D180093162C /* Localizable.strings */,
			);
			path = Aplication;
			sourceTree = "<group>";
		};
		F47AAEBD21FA48EB0068FAD2 /* Animations */ = {
			isa = PBXGroup;
			children = (
				F47AAEAA21FA260D0068FAD2 /* loadAnimation.json */,
			);
			path = Animations;
			sourceTree = "<group>";
		};
		F4AB34F121D729C900DAD399 /* Controller */ = {
			isa = PBXGroup;
			children = (
				F4FA04ED21F7A6D200896B5C /* Preferences */,
				F43779EE21F6199D007DC73C /* Player */,
				F4EE9CBD21F607700093162C /* TabBar */,
			);
			path = Controller;
			sourceTree = "<group>";
		};
		F4C2C9E921FB7BC700467A06 /* PodCast */ = {
			isa = PBXGroup;
			children = (
				F4C2C9EA21FB7BD400467A06 /* PodCast.swift */,
				F4C2C9EC21FB7DF200467A06 /* PodCastComponent.swift */,
			);
			path = PodCast;
			sourceTree = "<group>";
		};
		F4C2C9F021FB8C4500467A06 /* Components */ = {
			isa = PBXGroup;
			children = (
				F4C2C9EE21FB86A200467A06 /* CustomViewController.swift */,
				F4C2C9F121FB8C6100467A06 /* CustomTableViewController.swift */,
			);
			path = Components;
			sourceTree = "<group>";
		};
		F4EE9CBD21F607700093162C /* TabBar */ = {
			isa = PBXGroup;
			children = (
				F43779F321F62C76007DC73C /* TabBars */,
				F43779F221F62C63007DC73C /* TabBarController */,
			);
			path = TabBar;
			sourceTree = "<group>";
		};
		F4F6DA9321D6E80700A2CCA2 /* View */ = {
			isa = PBXGroup;
			children = (
				F47AAEB721FA485C0068FAD2 /* Player */,
				F47AAEBA21FA48980068FAD2 /* Preference */,
				F47AAEBB21FA48A20068FAD2 /* Home */,
			);
			path = View;
			sourceTree = "<group>";
		};
		F4F6DA9421D6FF4300A2CCA2 /* Util */ = {
			isa = PBXGroup;
			children = (
				F4F6DA9521D6FF6900A2CCA2 /* UIImageExtension.swift */,
				F4FA04E921F7A48B00896B5C /* StatusBarExtension.swift */,
			);
			path = Util;
			sourceTree = "<group>";
		};
		F4FA04DA21F789F800896B5C /* Service */ = {
			isa = PBXGroup;
			children = (
				F4FA04DB21F78A1100896B5C /* PodCastListService.swift */,
			);
			path = Service;
			sourceTree = "<group>";
		};
		F4FA04ED21F7A6D200896B5C /* Preferences */ = {
			isa = PBXGroup;
			children = (
				F4FA04EB21F7A6C900896B5C /* PreferencesSelectController.swift */,
				F47AAEA821FA21040068FAD2 /* PreferencesDataController.swift */,
			);
			path = Preferences;
			sourceTree = "<group>";
		};
/* End PBXGroup section */

/* Begin PBXNativeTarget section */
		F42561A821D3C31400AA22A1 /* PodCast */ = {
			isa = PBXNativeTarget;
			buildConfigurationList = F42561D421D3C31500AA22A1 /* Build configuration list for PBXNativeTarget "PodCast" */;
			buildPhases = (
				62CED55B6854740E3513DC65 /* [CP] Check Pods Manifest.lock */,
				F42561A521D3C31400AA22A1 /* Sources */,
				F42561A621D3C31400AA22A1 /* Frameworks */,
				F42561A721D3C31400AA22A1 /* Resources */,
				C6EABEA847A0BFD1D1C1F65F /* [CP] Embed Pods Frameworks */,
			);
			buildRules = (
			);
			dependencies = (
			);
			name = PodCast;
			productName = PodCast;
			productReference = F42561A921D3C31400AA22A1 /* PodCast.app */;
			productType = "com.apple.product-type.application";
		};
		F42561BF21D3C31500AA22A1 /* PodCastTests */ = {
			isa = PBXNativeTarget;
			buildConfigurationList = F42561D721D3C31500AA22A1 /* Build configuration list for PBXNativeTarget "PodCastTests" */;
			buildPhases = (
				418AE6B6F181D2ECB29A1F5C /* [CP] Check Pods Manifest.lock */,
				F42561BC21D3C31500AA22A1 /* Sources */,
				F42561BD21D3C31500AA22A1 /* Frameworks */,
				F42561BE21D3C31500AA22A1 /* Resources */,
			);
			buildRules = (
			);
			dependencies = (
				F42561C221D3C31500AA22A1 /* PBXTargetDependency */,
			);
			name = PodCastTests;
			productName = PodCastTests;
			productReference = F42561C021D3C31500AA22A1 /* PodCastTests.xctest */;
			productType = "com.apple.product-type.bundle.unit-test";
		};
		F42561CA21D3C31500AA22A1 /* PodCastUITests */ = {
			isa = PBXNativeTarget;
			buildConfigurationList = F42561DA21D3C31500AA22A1 /* Build configuration list for PBXNativeTarget "PodCastUITests" */;
			buildPhases = (
				E5390B6F1FCCA3B0EC42E0D7 /* [CP] Check Pods Manifest.lock */,
				F42561C721D3C31500AA22A1 /* Sources */,
				F42561C821D3C31500AA22A1 /* Frameworks */,
				F42561C921D3C31500AA22A1 /* Resources */,
			);
			buildRules = (
			);
			dependencies = (
				F42561CD21D3C31500AA22A1 /* PBXTargetDependency */,
			);
			name = PodCastUITests;
			productName = PodCastUITests;
			productReference = F42561CB21D3C31500AA22A1 /* PodCastUITests.xctest */;
			productType = "com.apple.product-type.bundle.ui-testing";
		};
/* End PBXNativeTarget section */

/* Begin PBXProject section */
		F42561A121D3C31400AA22A1 /* Project object */ = {
			isa = PBXProject;
			attributes = {
				LastSwiftUpdateCheck = 1010;
				LastUpgradeCheck = 1010;
				ORGANIZATIONNAME = "Vitor Mendes";
				TargetAttributes = {
					F42561A821D3C31400AA22A1 = {
						CreatedOnToolsVersion = 10.1;
					};
					F42561BF21D3C31500AA22A1 = {
						CreatedOnToolsVersion = 10.1;
						TestTargetID = F42561A821D3C31400AA22A1;
					};
					F42561CA21D3C31500AA22A1 = {
						CreatedOnToolsVersion = 10.1;
						TestTargetID = F42561A821D3C31400AA22A1;
					};
				};
			};
			buildConfigurationList = F42561A421D3C31400AA22A1 /* Build configuration list for PBXProject "PodCast" */;
			compatibilityVersion = "Xcode 9.3";
			developmentRegion = en;
			hasScannedForEncodings = 0;
			knownRegions = (
				en,
				Base,
			);
			mainGroup = F42561A021D3C31400AA22A1;
			productRefGroup = F42561AA21D3C31400AA22A1 /* Products */;
			projectDirPath = "";
			projectRoot = "";
			targets = (
				F42561A821D3C31400AA22A1 /* PodCast */,
				F42561BF21D3C31500AA22A1 /* PodCastTests */,
				F42561CA21D3C31500AA22A1 /* PodCastUITests */,
			);
		};
/* End PBXProject section */

/* Begin PBXResourcesBuildPhase section */
		F42561A721D3C31400AA22A1 /* Resources */ = {
			isa = PBXResourcesBuildPhase;
			buildActionMask = 2147483647;
			files = (
				F42561BA21D3C31500AA22A1 /* LaunchScreen.storyboard in Resources */,
				F4EE9CC121F60D180093162C /* Localizable.strings in Resources */,
				F47AAEAB21FA260D0068FAD2 /* loadAnimation.json in Resources */,
				F42561B721D3C31500AA22A1 /* Assets.xcassets in Resources */,
			);
			runOnlyForDeploymentPostprocessing = 0;
		};
		F42561BE21D3C31500AA22A1 /* Resources */ = {
			isa = PBXResourcesBuildPhase;
			buildActionMask = 2147483647;
			files = (
			);
			runOnlyForDeploymentPostprocessing = 0;
		};
		F42561C921D3C31500AA22A1 /* Resources */ = {
			isa = PBXResourcesBuildPhase;
			buildActionMask = 2147483647;
			files = (
			);
			runOnlyForDeploymentPostprocessing = 0;
		};
/* End PBXResourcesBuildPhase section */

/* Begin PBXShellScriptBuildPhase section */
		418AE6B6F181D2ECB29A1F5C /* [CP] Check Pods Manifest.lock */ = {
			isa = PBXShellScriptBuildPhase;
			buildActionMask = 2147483647;
			files = (
			);
			inputFileListPaths = (
			);
			inputPaths = (
				"${PODS_PODFILE_DIR_PATH}/Podfile.lock",
				"${PODS_ROOT}/Manifest.lock",
			);
			name = "[CP] Check Pods Manifest.lock";
			outputFileListPaths = (
			);
			outputPaths = (
				"$(DERIVED_FILE_DIR)/Pods-PodCastTests-checkManifestLockResult.txt",
			);
			runOnlyForDeploymentPostprocessing = 0;
			shellPath = /bin/sh;
			shellScript = "diff \"${PODS_PODFILE_DIR_PATH}/Podfile.lock\" \"${PODS_ROOT}/Manifest.lock\" > /dev/null\nif [ $? != 0 ] ; then\n    # print error to STDERR\n    echo \"error: The sandbox is not in sync with the Podfile.lock. Run 'pod install' or update your CocoaPods installation.\" >&2\n    exit 1\nfi\n# This output is used by Xcode 'outputs' to avoid re-running this script phase.\necho \"SUCCESS\" > \"${SCRIPT_OUTPUT_FILE_0}\"\n";
			showEnvVarsInLog = 0;
		};
		62CED55B6854740E3513DC65 /* [CP] Check Pods Manifest.lock */ = {
			isa = PBXShellScriptBuildPhase;
			buildActionMask = 2147483647;
			files = (
			);
			inputFileListPaths = (
			);
			inputPaths = (
				"${PODS_PODFILE_DIR_PATH}/Podfile.lock",
				"${PODS_ROOT}/Manifest.lock",
			);
			name = "[CP] Check Pods Manifest.lock";
			outputFileListPaths = (
			);
			outputPaths = (
				"$(DERIVED_FILE_DIR)/Pods-PodCast-checkManifestLockResult.txt",
			);
			runOnlyForDeploymentPostprocessing = 0;
			shellPath = /bin/sh;
			shellScript = "diff \"${PODS_PODFILE_DIR_PATH}/Podfile.lock\" \"${PODS_ROOT}/Manifest.lock\" > /dev/null\nif [ $? != 0 ] ; then\n    # print error to STDERR\n    echo \"error: The sandbox is not in sync with the Podfile.lock. Run 'pod install' or update your CocoaPods installation.\" >&2\n    exit 1\nfi\n# This output is used by Xcode 'outputs' to avoid re-running this script phase.\necho \"SUCCESS\" > \"${SCRIPT_OUTPUT_FILE_0}\"\n";
			showEnvVarsInLog = 0;
		};
		C6EABEA847A0BFD1D1C1F65F /* [CP] Embed Pods Frameworks */ = {
			isa = PBXShellScriptBuildPhase;
			buildActionMask = 2147483647;
			files = (
			);
			inputFileListPaths = (
			);
			inputPaths = (
				"${SRCROOT}/Pods/Target Support Files/Pods-PodCast/Pods-PodCast-frameworks.sh",
				"${BUILT_PRODUCTS_DIR}/Alamofire/Alamofire.framework",
				"${BUILT_PRODUCTS_DIR}/FRadioPlayer/FRadioPlayer.framework",
				"${BUILT_PRODUCTS_DIR}/Nuke/Nuke.framework",
				"${BUILT_PRODUCTS_DIR}/SwiftyJSON/SwiftyJSON.framework",
				"${BUILT_PRODUCTS_DIR}/lottie-ios/Lottie.framework",
			);
			name = "[CP] Embed Pods Frameworks";
			outputFileListPaths = (
			);
			outputPaths = (
				"${TARGET_BUILD_DIR}/${FRAMEWORKS_FOLDER_PATH}/Alamofire.framework",
				"${TARGET_BUILD_DIR}/${FRAMEWORKS_FOLDER_PATH}/FRadioPlayer.framework",
				"${TARGET_BUILD_DIR}/${FRAMEWORKS_FOLDER_PATH}/Nuke.framework",
				"${TARGET_BUILD_DIR}/${FRAMEWORKS_FOLDER_PATH}/SwiftyJSON.framework",
				"${TARGET_BUILD_DIR}/${FRAMEWORKS_FOLDER_PATH}/Lottie.framework",
			);
			runOnlyForDeploymentPostprocessing = 0;
			shellPath = /bin/sh;
			shellScript = "\"${SRCROOT}/Pods/Target Support Files/Pods-PodCast/Pods-PodCast-frameworks.sh\"\n";
			showEnvVarsInLog = 0;
		};
		E5390B6F1FCCA3B0EC42E0D7 /* [CP] Check Pods Manifest.lock */ = {
			isa = PBXShellScriptBuildPhase;
			buildActionMask = 2147483647;
			files = (
			);
			inputFileListPaths = (
			);
			inputPaths = (
				"${PODS_PODFILE_DIR_PATH}/Podfile.lock",
				"${PODS_ROOT}/Manifest.lock",
			);
			name = "[CP] Check Pods Manifest.lock";
			outputFileListPaths = (
			);
			outputPaths = (
				"$(DERIVED_FILE_DIR)/Pods-PodCastUITests-checkManifestLockResult.txt",
			);
			runOnlyForDeploymentPostprocessing = 0;
			shellPath = /bin/sh;
			shellScript = "diff \"${PODS_PODFILE_DIR_PATH}/Podfile.lock\" \"${PODS_ROOT}/Manifest.lock\" > /dev/null\nif [ $? != 0 ] ; then\n    # print error to STDERR\n    echo \"error: The sandbox is not in sync with the Podfile.lock. Run 'pod install' or update your CocoaPods installation.\" >&2\n    exit 1\nfi\n# This output is used by Xcode 'outputs' to avoid re-running this script phase.\necho \"SUCCESS\" > \"${SCRIPT_OUTPUT_FILE_0}\"\n";
			showEnvVarsInLog = 0;
		};
/* End PBXShellScriptBuildPhase section */

/* Begin PBXSourcesBuildPhase section */
		F42561A521D3C31400AA22A1 /* Sources */ = {
			isa = PBXSourcesBuildPhase;
			buildActionMask = 2147483647;
			files = (
				F4FA04F121F7AD6000896B5C /* CGFloat.swift in Sources */,
				F4FA04E821F7A06C00896B5C /* LookingFor.swift in Sources */,
				F42561AF21D3C31400AA22A1 /* PlayerViewController.swift in Sources */,
				F4FA04EA21F7A48B00896B5C /* StatusBarExtension.swift in Sources */,
				F4C2C9F221FB8C6100467A06 /* CustomTableViewController.swift in Sources */,
				F4C2C9EF21FB86A200467A06 /* CustomViewController.swift in Sources */,
				F47AAEB121FA3E700068FAD2 /* ContentCollectionViewCell.swift in Sources */,
				F4FA04DC21F78A1100896B5C /* PodCastListService.swift in Sources */,
				F47AAEA921FA21040068FAD2 /* PreferencesDataController.swift in Sources */,
				F43779E921F611DF007DC73C /* Colors.swift in Sources */,
				F47AAEA721F9F9880068FAD2 /* Preferences.swift in Sources */,
				F4F6DA9221D6E80200A2CCA2 /* AudioPlayerView.swift in Sources */,
				F43779F721F62CF6007DC73C /* Home.swift in Sources */,
				F47AAEAF21FA3DB60068FAD2 /* CollectionCell.swift in Sources */,
				F42BA6AA21F602330075E4B3 /* Config.swift in Sources */,
				F4FA04E021F79E2700896B5C /* GenreElement.swift in Sources */,
				F4C2C9ED21FB7DF200467A06 /* PodCastComponent.swift in Sources */,
				F42BA6A821F602220075E4B3 /* MyPodCasts.swift in Sources */,
				F4FA04EC21F7A6C900896B5C /* PreferencesSelectController.swift in Sources */,
				F4FA04DE21F78C7900896B5C /* Genre.swift in Sources */,
				F4C2C9EB21FB7BD400467A06 /* PodCast.swift in Sources */,
				F4FA04E221F79E3F00896B5C /* BestPodElement.swift in Sources */,
				F42BA6A421F601C40075E4B3 /* CustomTabBarController.swift in Sources */,
				F47AAEAD21FA356F0068FAD2 /* HeaderView.swift in Sources */,
				F4FA04E621F7A06200896B5C /* Extra.swift in Sources */,
				F4FA04EF21F7A7B500896B5C /* PreferenceCardGenre.swift in Sources */,
				F42561B521D3C31400AA22A1 /* PodCast.xcdatamodeld in Sources */,
				F4FA04E421F79E5A00896B5C /* BestPod.swift in Sources */,
				F4F6DA9621D6FF6900A2CCA2 /* UIImageExtension.swift in Sources */,
				F42561AD21D3C31400AA22A1 /* AppDelegate.swift in Sources */,
			);
			runOnlyForDeploymentPostprocessing = 0;
		};
		F42561BC21D3C31500AA22A1 /* Sources */ = {
			isa = PBXSourcesBuildPhase;
			buildActionMask = 2147483647;
			files = (
				F42561C521D3C31500AA22A1 /* PodCastTests.swift in Sources */,
			);
			runOnlyForDeploymentPostprocessing = 0;
		};
		F42561C721D3C31500AA22A1 /* Sources */ = {
			isa = PBXSourcesBuildPhase;
			buildActionMask = 2147483647;
			files = (
				F42561D021D3C31500AA22A1 /* PodCastUITests.swift in Sources */,
			);
			runOnlyForDeploymentPostprocessing = 0;
		};
/* End PBXSourcesBuildPhase section */

/* Begin PBXTargetDependency section */
		F42561C221D3C31500AA22A1 /* PBXTargetDependency */ = {
			isa = PBXTargetDependency;
			target = F42561A821D3C31400AA22A1 /* PodCast */;
			targetProxy = F42561C121D3C31500AA22A1 /* PBXContainerItemProxy */;
		};
		F42561CD21D3C31500AA22A1 /* PBXTargetDependency */ = {
			isa = PBXTargetDependency;
			target = F42561A821D3C31400AA22A1 /* PodCast */;
			targetProxy = F42561CC21D3C31500AA22A1 /* PBXContainerItemProxy */;
		};
/* End PBXTargetDependency section */

/* Begin PBXVariantGroup section */
		F42561B821D3C31500AA22A1 /* LaunchScreen.storyboard */ = {
			isa = PBXVariantGroup;
			children = (
				F42561B921D3C31500AA22A1 /* Base */,
			);
			name = LaunchScreen.storyboard;
			sourceTree = "<group>";
		};
/* End PBXVariantGroup section */

/* Begin XCBuildConfiguration section */
		F42561D221D3C31500AA22A1 /* Debug */ = {
			isa = XCBuildConfiguration;
			buildSettings = {
				ALWAYS_SEARCH_USER_PATHS = NO;
				CLANG_ANALYZER_NONNULL = YES;
				CLANG_ANALYZER_NUMBER_OBJECT_CONVERSION = YES_AGGRESSIVE;
				CLANG_CXX_LANGUAGE_STANDARD = "gnu++14";
				CLANG_CXX_LIBRARY = "libc++";
				CLANG_ENABLE_MODULES = YES;
				CLANG_ENABLE_OBJC_ARC = YES;
				CLANG_ENABLE_OBJC_WEAK = YES;
				CLANG_WARN_BLOCK_CAPTURE_AUTORELEASING = YES;
				CLANG_WARN_BOOL_CONVERSION = YES;
				CLANG_WARN_COMMA = YES;
				CLANG_WARN_CONSTANT_CONVERSION = YES;
				CLANG_WARN_DEPRECATED_OBJC_IMPLEMENTATIONS = YES;
				CLANG_WARN_DIRECT_OBJC_ISA_USAGE = YES_ERROR;
				CLANG_WARN_DOCUMENTATION_COMMENTS = YES;
				CLANG_WARN_EMPTY_BODY = YES;
				CLANG_WARN_ENUM_CONVERSION = YES;
				CLANG_WARN_INFINITE_RECURSION = YES;
				CLANG_WARN_INT_CONVERSION = YES;
				CLANG_WARN_NON_LITERAL_NULL_CONVERSION = YES;
				CLANG_WARN_OBJC_IMPLICIT_RETAIN_SELF = YES;
				CLANG_WARN_OBJC_LITERAL_CONVERSION = YES;
				CLANG_WARN_OBJC_ROOT_CLASS = YES_ERROR;
				CLANG_WARN_RANGE_LOOP_ANALYSIS = YES;
				CLANG_WARN_STRICT_PROTOTYPES = YES;
				CLANG_WARN_SUSPICIOUS_MOVE = YES;
				CLANG_WARN_UNGUARDED_AVAILABILITY = YES_AGGRESSIVE;
				CLANG_WARN_UNREACHABLE_CODE = YES;
				CLANG_WARN__DUPLICATE_METHOD_MATCH = YES;
				CODE_SIGN_IDENTITY = "iPhone Developer";
				COPY_PHASE_STRIP = NO;
				DEBUG_INFORMATION_FORMAT = dwarf;
				ENABLE_STRICT_OBJC_MSGSEND = YES;
				ENABLE_TESTABILITY = YES;
				GCC_C_LANGUAGE_STANDARD = gnu11;
				GCC_DYNAMIC_NO_PIC = NO;
				GCC_NO_COMMON_BLOCKS = YES;
				GCC_OPTIMIZATION_LEVEL = 0;
				GCC_PREPROCESSOR_DEFINITIONS = (
					"DEBUG=1",
					"$(inherited)",
				);
				GCC_WARN_64_TO_32_BIT_CONVERSION = YES;
				GCC_WARN_ABOUT_RETURN_TYPE = YES_ERROR;
				GCC_WARN_UNDECLARED_SELECTOR = YES;
				GCC_WARN_UNINITIALIZED_AUTOS = YES_AGGRESSIVE;
				GCC_WARN_UNUSED_FUNCTION = YES;
				GCC_WARN_UNUSED_VARIABLE = YES;
				IPHONEOS_DEPLOYMENT_TARGET = 12.1;
				MTL_ENABLE_DEBUG_INFO = INCLUDE_SOURCE;
				MTL_FAST_MATH = YES;
				ONLY_ACTIVE_ARCH = YES;
				SDKROOT = iphoneos;
				SWIFT_ACTIVE_COMPILATION_CONDITIONS = DEBUG;
				SWIFT_OPTIMIZATION_LEVEL = "-Onone";
			};
			name = Debug;
		};
		F42561D321D3C31500AA22A1 /* Release */ = {
			isa = XCBuildConfiguration;
			buildSettings = {
				ALWAYS_SEARCH_USER_PATHS = NO;
				CLANG_ANALYZER_NONNULL = YES;
				CLANG_ANALYZER_NUMBER_OBJECT_CONVERSION = YES_AGGRESSIVE;
				CLANG_CXX_LANGUAGE_STANDARD = "gnu++14";
				CLANG_CXX_LIBRARY = "libc++";
				CLANG_ENABLE_MODULES = YES;
				CLANG_ENABLE_OBJC_ARC = YES;
				CLANG_ENABLE_OBJC_WEAK = YES;
				CLANG_WARN_BLOCK_CAPTURE_AUTORELEASING = YES;
				CLANG_WARN_BOOL_CONVERSION = YES;
				CLANG_WARN_COMMA = YES;
				CLANG_WARN_CONSTANT_CONVERSION = YES;
				CLANG_WARN_DEPRECATED_OBJC_IMPLEMENTATIONS = YES;
				CLANG_WARN_DIRECT_OBJC_ISA_USAGE = YES_ERROR;
				CLANG_WARN_DOCUMENTATION_COMMENTS = YES;
				CLANG_WARN_EMPTY_BODY = YES;
				CLANG_WARN_ENUM_CONVERSION = YES;
				CLANG_WARN_INFINITE_RECURSION = YES;
				CLANG_WARN_INT_CONVERSION = YES;
				CLANG_WARN_NON_LITERAL_NULL_CONVERSION = YES;
				CLANG_WARN_OBJC_IMPLICIT_RETAIN_SELF = YES;
				CLANG_WARN_OBJC_LITERAL_CONVERSION = YES;
				CLANG_WARN_OBJC_ROOT_CLASS = YES_ERROR;
				CLANG_WARN_RANGE_LOOP_ANALYSIS = YES;
				CLANG_WARN_STRICT_PROTOTYPES = YES;
				CLANG_WARN_SUSPICIOUS_MOVE = YES;
				CLANG_WARN_UNGUARDED_AVAILABILITY = YES_AGGRESSIVE;
				CLANG_WARN_UNREACHABLE_CODE = YES;
				CLANG_WARN__DUPLICATE_METHOD_MATCH = YES;
				CODE_SIGN_IDENTITY = "iPhone Developer";
				COPY_PHASE_STRIP = NO;
				DEBUG_INFORMATION_FORMAT = "dwarf-with-dsym";
				ENABLE_NS_ASSERTIONS = NO;
				ENABLE_STRICT_OBJC_MSGSEND = YES;
				GCC_C_LANGUAGE_STANDARD = gnu11;
				GCC_NO_COMMON_BLOCKS = YES;
				GCC_WARN_64_TO_32_BIT_CONVERSION = YES;
				GCC_WARN_ABOUT_RETURN_TYPE = YES_ERROR;
				GCC_WARN_UNDECLARED_SELECTOR = YES;
				GCC_WARN_UNINITIALIZED_AUTOS = YES_AGGRESSIVE;
				GCC_WARN_UNUSED_FUNCTION = YES;
				GCC_WARN_UNUSED_VARIABLE = YES;
				IPHONEOS_DEPLOYMENT_TARGET = 12.1;
				MTL_ENABLE_DEBUG_INFO = NO;
				MTL_FAST_MATH = YES;
				SDKROOT = iphoneos;
				SWIFT_COMPILATION_MODE = wholemodule;
				SWIFT_OPTIMIZATION_LEVEL = "-O";
				VALIDATE_PRODUCT = YES;
			};
			name = Release;
		};
		F42561D521D3C31500AA22A1 /* Debug */ = {
			isa = XCBuildConfiguration;
			baseConfigurationReference = D2DDFC0B6D1981D7C963BECC /* Pods-PodCast.debug.xcconfig */;
			buildSettings = {
				ASSETCATALOG_COMPILER_APPICON_NAME = AppIcon;
				CODE_SIGN_STYLE = Automatic;
				DEVELOPMENT_TEAM = CF9NF5L47X;
				INFOPLIST_FILE = PodCast/Info.plist;
				LD_RUNPATH_SEARCH_PATHS = (
					"$(inherited)",
					"@executable_path/Frameworks",
				);
				PRODUCT_BUNDLE_IDENTIFIER = vitormendes.PodCast;
				PRODUCT_NAME = "$(TARGET_NAME)";
				SWIFT_VERSION = 4.2;
				TARGETED_DEVICE_FAMILY = "1,2";
			};
			name = Debug;
		};
		F42561D621D3C31500AA22A1 /* Release */ = {
			isa = XCBuildConfiguration;
			baseConfigurationReference = 214AF971DF7ACE56DB753502 /* Pods-PodCast.release.xcconfig */;
			buildSettings = {
				ASSETCATALOG_COMPILER_APPICON_NAME = AppIcon;
				CODE_SIGN_STYLE = Automatic;
				DEVELOPMENT_TEAM = CF9NF5L47X;
				INFOPLIST_FILE = PodCast/Info.plist;
				LD_RUNPATH_SEARCH_PATHS = (
					"$(inherited)",
					"@executable_path/Frameworks",
				);
				PRODUCT_BUNDLE_IDENTIFIER = vitormendes.PodCast;
				PRODUCT_NAME = "$(TARGET_NAME)";
				SWIFT_VERSION = 4.2;
				TARGETED_DEVICE_FAMILY = "1,2";
			};
			name = Release;
		};
		F42561D821D3C31500AA22A1 /* Debug */ = {
			isa = XCBuildConfiguration;
			baseConfigurationReference = D35AFD14D6169B57208986D6 /* Pods-PodCastTests.debug.xcconfig */;
			buildSettings = {
				ALWAYS_EMBED_SWIFT_STANDARD_LIBRARIES = YES;
				BUNDLE_LOADER = "$(TEST_HOST)";
				CODE_SIGN_STYLE = Automatic;
				DEVELOPMENT_TEAM = CF9NF5L47X;
				INFOPLIST_FILE = PodCastTests/Info.plist;
				LD_RUNPATH_SEARCH_PATHS = (
					"$(inherited)",
					"@executable_path/Frameworks",
					"@loader_path/Frameworks",
				);
				PRODUCT_BUNDLE_IDENTIFIER = vitormendes.PodCastTests;
				PRODUCT_NAME = "$(TARGET_NAME)";
				SWIFT_VERSION = 4.2;
				TARGETED_DEVICE_FAMILY = "1,2";
				TEST_HOST = "$(BUILT_PRODUCTS_DIR)/PodCast.app/PodCast";
			};
			name = Debug;
		};
		F42561D921D3C31500AA22A1 /* Release */ = {
			isa = XCBuildConfiguration;
			baseConfigurationReference = 87F6A9953D6D965EEA181D32 /* Pods-PodCastTests.release.xcconfig */;
			buildSettings = {
				ALWAYS_EMBED_SWIFT_STANDARD_LIBRARIES = YES;
				BUNDLE_LOADER = "$(TEST_HOST)";
				CODE_SIGN_STYLE = Automatic;
				DEVELOPMENT_TEAM = CF9NF5L47X;
				INFOPLIST_FILE = PodCastTests/Info.plist;
				LD_RUNPATH_SEARCH_PATHS = (
					"$(inherited)",
					"@executable_path/Frameworks",
					"@loader_path/Frameworks",
				);
				PRODUCT_BUNDLE_IDENTIFIER = vitormendes.PodCastTests;
				PRODUCT_NAME = "$(TARGET_NAME)";
				SWIFT_VERSION = 4.2;
				TARGETED_DEVICE_FAMILY = "1,2";
				TEST_HOST = "$(BUILT_PRODUCTS_DIR)/PodCast.app/PodCast";
			};
			name = Release;
		};
		F42561DB21D3C31500AA22A1 /* Debug */ = {
			isa = XCBuildConfiguration;
			baseConfigurationReference = 2250BCFDAEBDBF5CCA6EEF19 /* Pods-PodCastUITests.debug.xcconfig */;
			buildSettings = {
				ALWAYS_EMBED_SWIFT_STANDARD_LIBRARIES = YES;
				CODE_SIGN_STYLE = Automatic;
				DEVELOPMENT_TEAM = CF9NF5L47X;
				INFOPLIST_FILE = PodCastUITests/Info.plist;
				LD_RUNPATH_SEARCH_PATHS = (
					"$(inherited)",
					"@executable_path/Frameworks",
					"@loader_path/Frameworks",
				);
				PRODUCT_BUNDLE_IDENTIFIER = vitormendes.PodCastUITests;
				PRODUCT_NAME = "$(TARGET_NAME)";
				SWIFT_VERSION = 4.2;
				TARGETED_DEVICE_FAMILY = "1,2";
				TEST_TARGET_NAME = PodCast;
			};
			name = Debug;
		};
		F42561DC21D3C31500AA22A1 /* Release */ = {
			isa = XCBuildConfiguration;
			baseConfigurationReference = 2B8E96A7D40A077B2C2FC276 /* Pods-PodCastUITests.release.xcconfig */;
			buildSettings = {
				ALWAYS_EMBED_SWIFT_STANDARD_LIBRARIES = YES;
				CODE_SIGN_STYLE = Automatic;
				DEVELOPMENT_TEAM = CF9NF5L47X;
				INFOPLIST_FILE = PodCastUITests/Info.plist;
				LD_RUNPATH_SEARCH_PATHS = (
					"$(inherited)",
					"@executable_path/Frameworks",
					"@loader_path/Frameworks",
				);
				PRODUCT_BUNDLE_IDENTIFIER = vitormendes.PodCastUITests;
				PRODUCT_NAME = "$(TARGET_NAME)";
				SWIFT_VERSION = 4.2;
				TARGETED_DEVICE_FAMILY = "1,2";
				TEST_TARGET_NAME = PodCast;
			};
			name = Release;
		};
/* End XCBuildConfiguration section */

/* Begin XCConfigurationList section */
		F42561A421D3C31400AA22A1 /* Build configuration list for PBXProject "PodCast" */ = {
			isa = XCConfigurationList;
			buildConfigurations = (
				F42561D221D3C31500AA22A1 /* Debug */,
				F42561D321D3C31500AA22A1 /* Release */,
			);
			defaultConfigurationIsVisible = 0;
			defaultConfigurationName = Release;
		};
		F42561D421D3C31500AA22A1 /* Build configuration list for PBXNativeTarget "PodCast" */ = {
			isa = XCConfigurationList;
			buildConfigurations = (
				F42561D521D3C31500AA22A1 /* Debug */,
				F42561D621D3C31500AA22A1 /* Release */,
			);
			defaultConfigurationIsVisible = 0;
			defaultConfigurationName = Release;
		};
		F42561D721D3C31500AA22A1 /* Build configuration list for PBXNativeTarget "PodCastTests" */ = {
			isa = XCConfigurationList;
			buildConfigurations = (
				F42561D821D3C31500AA22A1 /* Debug */,
				F42561D921D3C31500AA22A1 /* Release */,
			);
			defaultConfigurationIsVisible = 0;
			defaultConfigurationName = Release;
		};
		F42561DA21D3C31500AA22A1 /* Build configuration list for PBXNativeTarget "PodCastUITests" */ = {
			isa = XCConfigurationList;
			buildConfigurations = (
				F42561DB21D3C31500AA22A1 /* Debug */,
				F42561DC21D3C31500AA22A1 /* Release */,
			);
			defaultConfigurationIsVisible = 0;
			defaultConfigurationName = Release;
		};
/* End XCConfigurationList section */

/* Begin XCVersionGroup section */
		F42561B321D3C31400AA22A1 /* PodCast.xcdatamodeld */ = {
			isa = XCVersionGroup;
			children = (
				F42561B421D3C31400AA22A1 /* PodCast.xcdatamodel */,
			);
			currentVersion = F42561B421D3C31400AA22A1 /* PodCast.xcdatamodel */;
			path = PodCast.xcdatamodeld;
			sourceTree = "<group>";
			versionGroupType = wrapper.xcdatamodel;
		};
/* End XCVersionGroup section */
	};
	rootObject = F42561A121D3C31400AA22A1 /* Project object */;
}
